
Microsoft Visual Studio Solution File, Format Version 12.00
# Visual Studio Version 16
VisualStudioVersion = 16.0.30523.141
MinimumVisualStudioVersion = 10.0.40219.1
Project("{FAE04EC0-301F-11D3-BF4B-00C04F79EFBC}") = "EpionNodeGraph", "EpionNodeGraph.csproj", "{BDD6D450-DD44-4F39-9CD2-E30FFD4BEB79}"
EndProject
Global
	GlobalSection(SolutionConfigurationPlatforms) = preSolution
		Debug|Any CPU = Debug|Any CPU
		Release|Any CPU = Release|Any CPU
	EndGlobalSection
	GlobalSection(ProjectConfigurationPlatforms) = postSolution
		{BDD6D450-DD44-4F39-9CD2-E30FFD4BEB79}.Debug|Any CPU.ActiveCfg = Debug|Any CPU
		{BDD6D450-DD44-4F39-9CD2-E30FFD4BEB79}.Debug|Any CPU.Build.0 = Debug|Any CPU
		{BDD6D450-DD44-4F39-9CD2-E30FFD4BEB79}.Release|Any CPU.ActiveCfg = Release|Any CPU
		{BDD6D450-DD44-4F39-9CD2-E30FFD4BEB79}.Release|Any CPU.Build.0 = Release|Any CPU
	EndGlobalSection
	GlobalSection(SolutionProperties) = preSolution
		HideSolutionNode = FALSE
	EndGlobalSection
	GlobalSection(ExtensibilityGlobals) = postSolution
		SolutionGuid = {B7DB8B65-7186-4CC2-B6D0-10685F695D0C}
	EndGlobalSection
EndGlobal
